
Microsoft Visual Studio Solution File, Format Version 12.00
# Visual Studio 15
VisualStudioVersion = 15.0.27703.2042
MinimumVisualStudioVersion = 10.0.40219.1
Project("{FAE04EC0-301F-11D3-BF4B-00C04F79EFBC}") = "AppObject.Android", "AppObject\AppObject.Android\AppObject.Android.csproj", "{65410EE3-EC95-4430-9533-08A43A24199C}"
EndProject
Project("{FAE04EC0-301F-11D3-BF4B-00C04F79EFBC}") = "AppObject.iOS", "AppObject\AppObject.iOS\AppObject.iOS.csproj", "{9BC6DB25-FD21-4F71-81D0-72D08709F9D2}"
EndProject
Project("{FAE04EC0-301F-11D3-BF4B-00C04F79EFBC}") = "AppObject.UWP", "AppObject\AppObject.UWP\AppObject.UWP.csproj", "{8BCC7DE9-5BDF-449B-9776-06E832E78142}"
EndProject
Project("{D954291E-2A0B-460D-934E-DC6B0785DB48}") = "AppObject", "AppObject\AppObject\AppObject.shproj", "{A8F2EF66-C398-42DE-95F1-6AABF135B1AB}"
EndProject
Global
	GlobalSection(SharedMSBuildProjectFiles) = preSolution
		AppObject\AppObject\AppObject.projitems*{65410ee3-ec95-4430-9533-08a43a24199c}*SharedItemsImports = 4
		AppObject\AppObject\AppObject.projitems*{8bcc7de9-5bdf-449b-9776-06e832e78142}*SharedItemsImports = 4
		AppObject\AppObject\AppObject.projitems*{9bc6db25-fd21-4f71-81d0-72d08709f9d2}*SharedItemsImports = 4
		AppObject\AppObject\AppObject.projitems*{a8f2ef66-c398-42de-95f1-6aabf135b1ab}*SharedItemsImports = 13
	EndGlobalSection
	GlobalSection(SolutionConfigurationPlatforms) = preSolution
		Ad-Hoc|Any CPU = Ad-Hoc|Any CPU
		Ad-Hoc|ARM = Ad-Hoc|ARM
		Ad-Hoc|iPhone = Ad-Hoc|iPhone
		Ad-Hoc|iPhoneSimulator = Ad-Hoc|iPhoneSimulator
		Ad-Hoc|x64 = Ad-Hoc|x64
		Ad-Hoc|x86 = Ad-Hoc|x86
		AppStore|Any CPU = AppStore|Any CPU
		AppStore|ARM = AppStore|ARM
		AppStore|iPhone = AppStore|iPhone
		AppStore|iPhoneSimulator = AppStore|iPhoneSimulator
		AppStore|x64 = AppStore|x64
		AppStore|x86 = AppStore|x86
		Debug|Any CPU = Debug|Any CPU
		Debug|ARM = Debug|ARM
		Debug|iPhone = Debug|iPhone
		Debug|iPhoneSimulator = Debug|iPhoneSimulator
		Debug|x64 = Debug|x64
		Debug|x86 = Debug|x86
		Release|Any CPU = Release|Any CPU
		Release|ARM = Release|ARM
		Release|iPhone = Release|iPhone
		Release|iPhoneSimulator = Release|iPhoneSimulator
		Release|x64 = Release|x64
		Release|x86 = Release|x86
	EndGlobalSection
	GlobalSection(ProjectConfigurationPlatforms) = postSolution
		{65410EE3-EC95-4430-9533-08A43A24199C}.Ad-Hoc|Any CPU.ActiveCfg = Release|Any CPU
		{65410EE3-EC95-4430-9533-08A43A24199C}.Ad-Hoc|Any CPU.Build.0 = Release|Any CPU
		{65410EE3-EC95-4430-9533-08A43A24199C}.Ad-Hoc|Any CPU.Deploy.0 = Release|Any CPU
		{65410EE3-EC95-4430-9533-08A43A24199C}.Ad-Hoc|ARM.ActiveCfg = Release|Any CPU
		{65410EE3-EC95-4430-9533-08A43A24199C}.Ad-Hoc|ARM.Build.0 = Release|Any CPU
		{65410EE3-EC95-4430-9533-08A43A24199C}.Ad-Hoc|ARM.Deploy.0 = Release|Any CPU
		{65410EE3-EC95-4430-9533-08A43A24199C}.Ad-Hoc|iPhone.ActiveCfg = Release|Any CPU
		{65410EE3-EC95-4430-9533-08A43A24199C}.Ad-Hoc|iPhone.Build.0 = Release|Any CPU
		{65410EE3-EC95-4430-9533-08A43A24199C}.Ad-Hoc|iPhone.Deploy.0 = Release|Any CPU
		{65410EE3-EC95-4430-9533-08A43A24199C}.Ad-Hoc|iPhoneSimulator.ActiveCfg = Release|Any CPU
		{65410EE3-EC95-4430-9533-08A43A24199C}.Ad-Hoc|iPhoneSimulator.Build.0 = Release|Any CPU
		{65410EE3-EC95-4430-9533-08A43A24199C}.Ad-Hoc|iPhoneSimulator.Deploy.0 = Release|Any CPU
		{65410EE3-EC95-4430-9533-08A43A24199C}.Ad-Hoc|x64.ActiveCfg = Release|Any CPU
		{65410EE3-EC95-4430-9533-08A43A24199C}.Ad-Hoc|x64.Build.0 = Release|Any CPU
		{65410EE3-EC95-4430-9533-08A43A24199C}.Ad-Hoc|x64.Deploy.0 = Release|Any CPU
		{65410EE3-EC95-4430-9533-08A43A24199C}.Ad-Hoc|x86.ActiveCfg = Release|Any CPU
		{65410EE3-EC95-4430-9533-08A43A24199C}.Ad-Hoc|x86.Build.0 = Release|Any CPU
		{65410EE3-EC95-4430-9533-08A43A24199C}.Ad-Hoc|x86.Deploy.0 = Release|Any CPU
		{65410EE3-EC95-4430-9533-08A43A24199C}.AppStore|Any CPU.ActiveCfg = Release|Any CPU
		{65410EE3-EC95-4430-9533-08A43A24199C}.AppStore|Any CPU.Build.0 = Release|Any CPU
		{65410EE3-EC95-4430-9533-08A43A24199C}.AppStore|Any CPU.Deploy.0 = Release|Any CPU
		{65410EE3-EC95-4430-9533-08A43A24199C}.AppStore|ARM.ActiveCfg = Release|Any CPU
		{65410EE3-EC95-4430-9533-08A43A24199C}.AppStore|ARM.Build.0 = Release|Any CPU
		{65410EE3-EC95-4430-9533-08A43A24199C}.AppStore|ARM.Deploy.0 = Release|Any CPU
		{65410EE3-EC95-4430-9533-08A43A24199C}.AppStore|iPhone.ActiveCfg = Release|Any CPU
		{65410EE3-EC95-4430-9533-08A43A24199C}.AppStore|iPhone.Build.0 = Release|Any CPU
		{65410EE3-EC95-4430-9533-08A43A24199C}.AppStore|iPhone.Deploy.0 = Release|Any CPU
		{65410EE3-EC95-4430-9533-08A43A24199C}.AppStore|iPhoneSimulator.ActiveCfg = Release|Any CPU
		{65410EE3-EC95-4430-9533-08A43A24199C}.AppStore|iPhoneSimulator.Build.0 = Release|Any CPU
		{65410EE3-EC95-4430-9533-08A43A24199C}.AppStore|iPhoneSimulator.Deploy.0 = Release|Any CPU
		{65410EE3-EC95-4430-9533-08A43A24199C}.AppStore|x64.ActiveCfg = Release|Any CPU
		{65410EE3-EC95-4430-9533-08A43A24199C}.AppStore|x64.Build.0 = Release|Any CPU
		{65410EE3-EC95-4430-9533-08A43A24199C}.AppStore|x64.Deploy.0 = Release|Any CPU
		{65410EE3-EC95-4430-9533-08A43A24199C}.AppStore|x86.ActiveCfg = Release|Any CPU
		{65410EE3-EC95-4430-9533-08A43A24199C}.AppStore|x86.Build.0 = Release|Any CPU
		{65410EE3-EC95-4430-9533-08A43A24199C}.AppStore|x86.Deploy.0 = Release|Any CPU
		{65410EE3-EC95-4430-9533-08A43A24199C}.Debug|Any CPU.ActiveCfg = Debug|Any CPU
		{65410EE3-EC95-4430-9533-08A43A24199C}.Debug|Any CPU.Build.0 = Debug|Any CPU
		{65410EE3-EC95-4430-9533-08A43A24199C}.Debug|Any CPU.Deploy.0 = Debug|Any CPU
		{65410EE3-EC95-4430-9533-08A43A24199C}.Debug|ARM.ActiveCfg = Debug|Any CPU
		{65410EE3-EC95-4430-9533-08A43A24199C}.Debug|ARM.Build.0 = Debug|Any CPU
		{65410EE3-EC95-4430-9533-08A43A24199C}.Debug|ARM.Deploy.0 = Debug|Any CPU
		{65410EE3-EC95-4430-9533-08A43A24199C}.Debug|iPhone.ActiveCfg = Debug|Any CPU
		{65410EE3-EC95-4430-9533-08A43A24199C}.Debug|iPhone.Build.0 = Debug|Any CPU
		{65410EE3-EC95-4430-9533-08A43A24199C}.Debug|iPhone.Deploy.0 = Debug|Any CPU
		{65410EE3-EC95-4430-9533-08A43A24199C}.Debug|iPhoneSimulator.ActiveCfg = Debug|Any CPU
		{65410EE3-EC95-4430-9533-08A43A24199C}.Debug|iPhoneSimulator.Build.0 = Debug|Any CPU
		{65410EE3-EC95-4430-9533-08A43A24199C}.Debug|iPhoneSimulator.Deploy.0 = Debug|Any CPU
		{65410EE3-EC95-4430-9533-08A43A24199C}.Debug|x64.ActiveCfg = Debug|Any CPU
		{65410EE3-EC95-4430-9533-08A43A24199C}.Debug|x64.Build.0 = Debug|Any CPU
		{65410EE3-EC95-4430-9533-08A43A24199C}.Debug|x64.Deploy.0 = Debug|Any CPU
		{65410EE3-EC95-4430-9533-08A43A24199C}.Debug|x86.ActiveCfg = Debug|Any CPU
		{65410EE3-EC95-4430-9533-08A43A24199C}.Debug|x86.Build.0 = Debug|Any CPU
		{65410EE3-EC95-4430-9533-08A43A24199C}.Debug|x86.Deploy.0 = Debug|Any CPU
		{65410EE3-EC95-4430-9533-08A43A24199C}.Release|Any CPU.ActiveCfg = Release|Any CPU
		{65410EE3-EC95-4430-9533-08A43A24199C}.Release|Any CPU.Build.0 = Release|Any CPU
		{65410EE3-EC95-4430-9533-08A43A24199C}.Release|Any CPU.Deploy.0 = Release|Any CPU
		{65410EE3-EC95-4430-9533-08A43A24199C}.Release|ARM.ActiveCfg = Release|Any CPU
		{65410EE3-EC95-4430-9533-08A43A24199C}.Release|ARM.Build.0 = Release|Any CPU
		{65410EE3-EC95-4430-9533-08A43A24199C}.Release|ARM.Deploy.0 = Release|Any CPU
		{65410EE3-EC95-4430-9533-08A43A24199C}.Release|iPhone.ActiveCfg = Release|Any CPU
		{65410EE3-EC95-4430-9533-08A43A24199C}.Release|iPhone.Build.0 = Release|Any CPU
		{65410EE3-EC95-4430-9533-08A43A24199C}.Release|iPhone.Deploy.0 = Release|Any CPU
		{65410EE3-EC95-4430-9533-08A43A24199C}.Release|iPhoneSimulator.ActiveCfg = Release|Any CPU
		{65410EE3-EC95-4430-9533-08A43A24199C}.Release|iPhoneSimulator.Build.0 = Release|Any CPU
		{65410EE3-EC95-4430-9533-08A43A24199C}.Release|iPhoneSimulator.Deploy.0 = Release|Any CPU
		{65410EE3-EC95-4430-9533-08A43A24199C}.Release|x64.ActiveCfg = Release|Any CPU
		{65410EE3-EC95-4430-9533-08A43A24199C}.Release|x64.Build.0 = Release|Any CPU
		{65410EE3-EC95-4430-9533-08A43A24199C}.Release|x64.Deploy.0 = Release|Any CPU
		{65410EE3-EC95-4430-9533-08A43A24199C}.Release|x86.ActiveCfg = Release|Any CPU
		{65410EE3-EC95-4430-9533-08A43A24199C}.Release|x86.Build.0 = Release|Any CPU
		{65410EE3-EC95-4430-9533-08A43A24199C}.Release|x86.Deploy.0 = Release|Any CPU
		{9BC6DB25-FD21-4F71-81D0-72D08709F9D2}.Ad-Hoc|Any CPU.ActiveCfg = Ad-Hoc|iPhone
		{9BC6DB25-FD21-4F71-81D0-72D08709F9D2}.Ad-Hoc|Any CPU.Build.0 = Ad-Hoc|iPhone
		{9BC6DB25-FD21-4F71-81D0-72D08709F9D2}.Ad-Hoc|Any CPU.Deploy.0 = Ad-Hoc|iPhone
		{9BC6DB25-FD21-4F71-81D0-72D08709F9D2}.Ad-Hoc|ARM.ActiveCfg = Ad-Hoc|iPhone
		{9BC6DB25-FD21-4F71-81D0-72D08709F9D2}.Ad-Hoc|ARM.Build.0 = Ad-Hoc|iPhone
		{9BC6DB25-FD21-4F71-81D0-72D08709F9D2}.Ad-Hoc|ARM.Deploy.0 = Ad-Hoc|iPhone
		{9BC6DB25-FD21-4F71-81D0-72D08709F9D2}.Ad-Hoc|iPhone.ActiveCfg = Ad-Hoc|iPhone
		{9BC6DB25-FD21-4F71-81D0-72D08709F9D2}.Ad-Hoc|iPhone.Build.0 = Ad-Hoc|iPhone
		{9BC6DB25-FD21-4F71-81D0-72D08709F9D2}.Ad-Hoc|iPhone.Deploy.0 = Ad-Hoc|iPhone
		{9BC6DB25-FD21-4F71-81D0-72D08709F9D2}.Ad-Hoc|iPhoneSimulator.ActiveCfg = Ad-Hoc|iPhoneSimulator
		{9BC6DB25-FD21-4F71-81D0-72D08709F9D2}.Ad-Hoc|iPhoneSimulator.Build.0 = Ad-Hoc|iPhoneSimulator
		{9BC6DB25-FD21-4F71-81D0-72D08709F9D2}.Ad-Hoc|iPhoneSimulator.Deploy.0 = Ad-Hoc|iPhoneSimulator
		{9BC6DB25-FD21-4F71-81D0-72D08709F9D2}.Ad-Hoc|x64.ActiveCfg = Ad-Hoc|iPhone
		{9BC6DB25-FD21-4F71-81D0-72D08709F9D2}.Ad-Hoc|x64.Build.0 = Ad-Hoc|iPhone
		{9BC6DB25-FD21-4F71-81D0-72D08709F9D2}.Ad-Hoc|x64.Deploy.0 = Ad-Hoc|iPhone
		{9BC6DB25-FD21-4F71-81D0-72D08709F9D2}.Ad-Hoc|x86.ActiveCfg = Ad-Hoc|iPhone
		{9BC6DB25-FD21-4F71-81D0-72D08709F9D2}.Ad-Hoc|x86.Build.0 = Ad-Hoc|iPhone
		{9BC6DB25-FD21-4F71-81D0-72D08709F9D2}.Ad-Hoc|x86.Deploy.0 = Ad-Hoc|iPhone
		{9BC6DB25-FD21-4F71-81D0-72D08709F9D2}.AppStore|Any CPU.ActiveCfg = AppStore|iPhone
		{9BC6DB25-FD21-4F71-81D0-72D08709F9D2}.AppStore|Any CPU.Build.0 = AppStore|iPhone
		{9BC6DB25-FD21-4F71-81D0-72D08709F9D2}.AppStore|Any CPU.Deploy.0 = AppStore|iPhone
		{9BC6DB25-FD21-4F71-81D0-72D08709F9D2}.AppStore|ARM.ActiveCfg = AppStore|iPhone
		{9BC6DB25-FD21-4F71-81D0-72D08709F9D2}.AppStore|ARM.Build.0 = AppStore|iPhone
		{9BC6DB25-FD21-4F71-81D0-72D08709F9D2}.AppStore|ARM.Deploy.0 = AppStore|iPhone
		{9BC6DB25-FD21-4F71-81D0-72D08709F9D2}.AppStore|iPhone.ActiveCfg = AppStore|iPhone
		{9BC6DB25-FD21-4F71-81D0-72D08709F9D2}.AppStore|iPhone.Build.0 = AppStore|iPhone
		{9BC6DB25-FD21-4F71-81D0-72D08709F9D2}.AppStore|iPhone.Deploy.0 = AppStore|iPhone
		{9BC6DB25-FD21-4F71-81D0-72D08709F9D2}.AppStore|iPhoneSimulator.ActiveCfg = AppStore|iPhoneSimulator
		{9BC6DB25-FD21-4F71-81D0-72D08709F9D2}.AppStore|iPhoneSimulator.Build.0 = AppStore|iPhoneSimulator
		{9BC6DB25-FD21-4F71-81D0-72D08709F9D2}.AppStore|iPhoneSimulator.Deploy.0 = AppStore|iPhoneSimulator
		{9BC6DB25-FD21-4F71-81D0-72D08709F9D2}.AppStore|x64.ActiveCfg = AppStore|iPhone
		{9BC6DB25-FD21-4F71-81D0-72D08709F9D2}.AppStore|x64.Build.0 = AppStore|iPhone
		{9BC6DB25-FD21-4F71-81D0-72D08709F9D2}.AppStore|x64.Deploy.0 = AppStore|iPhone
		{9BC6DB25-FD21-4F71-81D0-72D08709F9D2}.AppStore|x86.ActiveCfg = AppStore|iPhone
		{9BC6DB25-FD21-4F71-81D0-72D08709F9D2}.AppStore|x86.Build.0 = AppStore|iPhone
		{9BC6DB25-FD21-4F71-81D0-72D08709F9D2}.AppStore|x86.Deploy.0 = AppStore|iPhone
		{9BC6DB25-FD21-4F71-81D0-72D08709F9D2}.Debug|Any CPU.ActiveCfg = Debug|iPhoneSimulator
		{9BC6DB25-FD21-4F71-81D0-72D08709F9D2}.Debug|Any CPU.Build.0 = Debug|iPhoneSimulator
		{9BC6DB25-FD21-4F71-81D0-72D08709F9D2}.Debug|Any CPU.Deploy.0 = Debug|iPhoneSimulator
		{9BC6DB25-FD21-4F71-81D0-72D08709F9D2}.Debug|ARM.ActiveCfg = Debug|iPhone
		{9BC6DB25-FD21-4F71-81D0-72D08709F9D2}.Debug|ARM.Build.0 = Debug|iPhone
		{9BC6DB25-FD21-4F71-81D0-72D08709F9D2}.Debug|ARM.Deploy.0 = Debug|iPhone
		{9BC6DB25-FD21-4F71-81D0-72D08709F9D2}.Debug|iPhone.ActiveCfg = Debug|iPhone
		{9BC6DB25-FD21-4F71-81D0-72D08709F9D2}.Debug|iPhone.Build.0 = Debug|iPhone
		{9BC6DB25-FD21-4F71-81D0-72D08709F9D2}.Debug|iPhone.Deploy.0 = Debug|iPhone
		{9BC6DB25-FD21-4F71-81D0-72D08709F9D2}.Debug|iPhoneSimulator.ActiveCfg = Debug|iPhoneSimulator
		{9BC6DB25-FD21-4F71-81D0-72D08709F9D2}.Debug|iPhoneSimulator.Build.0 = Debug|iPhoneSimulator
		{9BC6DB25-FD21-4F71-81D0-72D08709F9D2}.Debug|iPhoneSimulator.Deploy.0 = Debug|iPhoneSimulator
		{9BC6DB25-FD21-4F71-81D0-72D08709F9D2}.Debug|x64.ActiveCfg = Debug|iPhone
		{9BC6DB25-FD21-4F71-81D0-72D08709F9D2}.Debug|x64.Build.0 = Debug|iPhone
		{9BC6DB25-FD21-4F71-81D0-72D08709F9D2}.Debug|x64.Deploy.0 = Debug|iPhone
		{9BC6DB25-FD21-4F71-81D0-72D08709F9D2}.Debug|x86.ActiveCfg = Debug|iPhone
		{9BC6DB25-FD21-4F71-81D0-72D08709F9D2}.Debug|x86.Build.0 = Debug|iPhone
		{9BC6DB25-FD21-4F71-81D0-72D08709F9D2}.Debug|x86.Deploy.0 = Debug|iPhone
		{9BC6DB25-FD21-4F71-81D0-72D08709F9D2}.Release|Any CPU.ActiveCfg = Release|iPhone
		{9BC6DB25-FD21-4F71-81D0-72D08709F9D2}.Release|Any CPU.Build.0 = Release|iPhone
		{9BC6DB25-FD21-4F71-81D0-72D08709F9D2}.Release|Any CPU.Deploy.0 = Release|iPhone
		{9BC6DB25-FD21-4F71-81D0-72D08709F9D2}.Release|ARM.ActiveCfg = Release|iPhone
		{9BC6DB25-FD21-4F71-81D0-72D08709F9D2}.Release|ARM.Build.0 = Release|iPhone
		{9BC6DB25-FD21-4F71-81D0-72D08709F9D2}.Release|ARM.Deploy.0 = Release|iPhone
		{9BC6DB25-FD21-4F71-81D0-72D08709F9D2}.Release|iPhone.ActiveCfg = Release|iPhone
		{9BC6DB25-FD21-4F71-81D0-72D08709F9D2}.Release|iPhone.Build.0 = Release|iPhone
		{9BC6DB25-FD21-4F71-81D0-72D08709F9D2}.Release|iPhone.Deploy.0 = Release|iPhone
		{9BC6DB25-FD21-4F71-81D0-72D08709F9D2}.Release|iPhoneSimulator.ActiveCfg = Release|iPhoneSimulator
		{9BC6DB25-FD21-4F71-81D0-72D08709F9D2}.Release|iPhoneSimulator.Build.0 = Release|iPhoneSimulator
		{9BC6DB25-FD21-4F71-81D0-72D08709F9D2}.Release|iPhoneSimulator.Deploy.0 = Release|iPhoneSimulator
		{9BC6DB25-FD21-4F71-81D0-72D08709F9D2}.Release|x64.ActiveCfg = Release|iPhone
		{9BC6DB25-FD21-4F71-81D0-72D08709F9D2}.Release|x64.Build.0 = Release|iPhone
		{9BC6DB25-FD21-4F71-81D0-72D08709F9D2}.Release|x64.Deploy.0 = Release|iPhone
		{9BC6DB25-FD21-4F71-81D0-72D08709F9D2}.Release|x86.ActiveCfg = Release|iPhone
		{9BC6DB25-FD21-4F71-81D0-72D08709F9D2}.Release|x86.Build.0 = Release|iPhone
		{9BC6DB25-FD21-4F71-81D0-72D08709F9D2}.Release|x86.Deploy.0 = Release|iPhone
		{8BCC7DE9-5BDF-449B-9776-06E832E78142}.Ad-Hoc|Any CPU.ActiveCfg = Release|x86
		{8BCC7DE9-5BDF-449B-9776-06E832E78142}.Ad-Hoc|Any CPU.Build.0 = Release|x86
		{8BCC7DE9-5BDF-449B-9776-06E832E78142}.Ad-Hoc|Any CPU.Deploy.0 = Release|x86
		{8BCC7DE9-5BDF-449B-9776-06E832E78142}.Ad-Hoc|ARM.ActiveCfg = Release|ARM
		{8BCC7DE9-5BDF-449B-9776-06E832E78142}.Ad-Hoc|ARM.Build.0 = Release|ARM
		{8BCC7DE9-5BDF-449B-9776-06E832E78142}.Ad-Hoc|ARM.Deploy.0 = Release|ARM
		{8BCC7DE9-5BDF-449B-9776-06E832E78142}.Ad-Hoc|iPhone.ActiveCfg = Release|x86
		{8BCC7DE9-5BDF-449B-9776-06E832E78142}.Ad-Hoc|iPhone.Build.0 = Release|x86
		{8BCC7DE9-5BDF-449B-9776-06E832E78142}.Ad-Hoc|iPhone.Deploy.0 = Release|x86
		{8BCC7DE9-5BDF-449B-9776-06E832E78142}.Ad-Hoc|iPhoneSimulator.ActiveCfg = Release|x86
		{8BCC7DE9-5BDF-449B-9776-06E832E78142}.Ad-Hoc|iPhoneSimulator.Build.0 = Release|x86
		{8BCC7DE9-5BDF-449B-9776-06E832E78142}.Ad-Hoc|iPhoneSimulator.Deploy.0 = Release|x86
		{8BCC7DE9-5BDF-449B-9776-06E832E78142}.Ad-Hoc|x64.ActiveCfg = Release|x64
		{8BCC7DE9-5BDF-449B-9776-06E832E78142}.Ad-Hoc|x64.Build.0 = Release|x64
		{8BCC7DE9-5BDF-449B-9776-06E832E78142}.Ad-Hoc|x64.Deploy.0 = Release|x64
		{8BCC7DE9-5BDF-449B-9776-06E832E78142}.Ad-Hoc|x86.ActiveCfg = Release|x86
		{8BCC7DE9-5BDF-449B-9776-06E832E78142}.Ad-Hoc|x86.Build.0 = Release|x86
		{8BCC7DE9-5BDF-449B-9776-06E832E78142}.Ad-Hoc|x86.Deploy.0 = Release|x86
		{8BCC7DE9-5BDF-449B-9776-06E832E78142}.AppStore|Any CPU.ActiveCfg = Release|x86
		{8BCC7DE9-5BDF-449B-9776-06E832E78142}.AppStore|Any CPU.Build.0 = Release|x86
		{8BCC7DE9-5BDF-449B-9776-06E832E78142}.AppStore|Any CPU.Deploy.0 = Release|x86
		{8BCC7DE9-5BDF-449B-9776-06E832E78142}.AppStore|ARM.ActiveCfg = Release|ARM
		{8BCC7DE9-5BDF-449B-9776-06E832E78142}.AppStore|ARM.Build.0 = Release|ARM
		{8BCC7DE9-5BDF-449B-9776-06E832E78142}.AppStore|ARM.Deploy.0 = Release|ARM
		{8BCC7DE9-5BDF-449B-9776-06E832E78142}.AppStore|iPhone.ActiveCfg = Release|x86
		{8BCC7DE9-5BDF-449B-9776-06E832E78142}.AppStore|iPhone.Build.0 = Release|x86
		{8BCC7DE9-5BDF-449B-9776-06E832E78142}.AppStore|iPhone.Deploy.0 = Release|x86
		{8BCC7DE9-5BDF-449B-9776-06E832E78142}.AppStore|iPhoneSimulator.ActiveCfg = Release|x86
		{8BCC7DE9-5BDF-449B-9776-06E832E78142}.AppStore|iPhoneSimulator.Build.0 = Release|x86
		{8BCC7DE9-5BDF-449B-9776-06E832E78142}.AppStore|iPhoneSimulator.Deploy.0 = Release|x86
		{8BCC7DE9-5BDF-449B-9776-06E832E78142}.AppStore|x64.ActiveCfg = Release|x64
		{8BCC7DE9-5BDF-449B-9776-06E832E78142}.AppStore|x64.Build.0 = Release|x64
		{8BCC7DE9-5BDF-449B-9776-06E832E78142}.AppStore|x64.Deploy.0 = Release|x64
		{8BCC7DE9-5BDF-449B-9776-06E832E78142}.AppStore|x86.ActiveCfg = Release|x86
		{8BCC7DE9-5BDF-449B-9776-06E832E78142}.AppStore|x86.Build.0 = Release|x86
		{8BCC7DE9-5BDF-449B-9776-06E832E78142}.AppStore|x86.Deploy.0 = Release|x86
		{8BCC7DE9-5BDF-449B-9776-06E832E78142}.Debug|Any CPU.ActiveCfg = Debug|x86
		{8BCC7DE9-5BDF-449B-9776-06E832E78142}.Debug|Any CPU.Build.0 = Debug|x86
		{8BCC7DE9-5BDF-449B-9776-06E832E78142}.Debug|Any CPU.Deploy.0 = Debug|x86
		{8BCC7DE9-5BDF-449B-9776-06E832E78142}.Debug|ARM.ActiveCfg = Debug|ARM
		{8BCC7DE9-5BDF-449B-9776-06E832E78142}.Debug|ARM.Build.0 = Debug|ARM
		{8BCC7DE9-5BDF-449B-9776-06E832E78142}.Debug|ARM.Deploy.0 = Debug|ARM
		{8BCC7DE9-5BDF-449B-9776-06E832E78142}.Debug|iPhone.ActiveCfg = Debug|x86
		{8BCC7DE9-5BDF-449B-9776-06E832E78142}.Debug|iPhone.Build.0 = Debug|x86
		{8BCC7DE9-5BDF-449B-9776-06E832E78142}.Debug|iPhone.Deploy.0 = Debug|x86
		{8BCC7DE9-5BDF-449B-9776-06E832E78142}.Debug|iPhoneSimulator.ActiveCfg = Debug|x86
		{8BCC7DE9-5BDF-449B-9776-06E832E78142}.Debug|iPhoneSimulator.Build.0 = Debug|x86
		{8BCC7DE9-5BDF-449B-9776-06E832E78142}.Debug|iPhoneSimulator.Deploy.0 = Debug|x86
		{8BCC7DE9-5BDF-449B-9776-06E832E78142}.Debug|x64.ActiveCfg = Debug|x64
		{8BCC7DE9-5BDF-449B-9776-06E832E78142}.Debug|x64.Build.0 = Debug|x64
		{8BCC7DE9-5BDF-449B-9776-06E832E78142}.Debug|x64.Deploy.0 = Debug|x64
		{8BCC7DE9-5BDF-449B-9776-06E832E78142}.Debug|x86.ActiveCfg = Debug|x86
		{8BCC7DE9-5BDF-449B-9776-06E832E78142}.Debug|x86.Build.0 = Debug|x86
		{8BCC7DE9-5BDF-449B-9776-06E832E78142}.Debug|x86.Deploy.0 = Debug|x86
		{8BCC7DE9-5BDF-449B-9776-06E832E78142}.Release|Any CPU.ActiveCfg = Release|x86
		{8BCC7DE9-5BDF-449B-9776-06E832E78142}.Release|Any CPU.Build.0 = Release|x86
		{8BCC7DE9-5BDF-449B-9776-06E832E78142}.Release|Any CPU.Deploy.0 = Release|x86
		{8BCC7DE9-5BDF-449B-9776-06E832E78142}.Release|ARM.ActiveCfg = Release|ARM
		{8BCC7DE9-5BDF-449B-9776-06E832E78142}.Release|ARM.Build.0 = Release|ARM
		{8BCC7DE9-5BDF-449B-9776-06E832E78142}.Release|ARM.Deploy.0 = Release|ARM
		{8BCC7DE9-5BDF-449B-9776-06E832E78142}.Release|iPhone.ActiveCfg = Release|x86
		{8BCC7DE9-5BDF-449B-9776-06E832E78142}.Release|iPhone.Build.0 = Release|x86
		{8BCC7DE9-5BDF-449B-9776-06E832E78142}.Release|iPhone.Deploy.0 = Release|x86
		{8BCC7DE9-5BDF-449B-9776-06E832E78142}.Release|iPhoneSimulator.ActiveCfg = Release|x86
		{8BCC7DE9-5BDF-449B-9776-06E832E78142}.Release|iPhoneSimulator.Build.0 = Release|x86
		{8BCC7DE9-5BDF-449B-9776-06E832E78142}.Release|iPhoneSimulator.Deploy.0 = Release|x86
		{8BCC7DE9-5BDF-449B-9776-06E832E78142}.Release|x64.ActiveCfg = Release|x64
		{8BCC7DE9-5BDF-449B-9776-06E832E78142}.Release|x64.Build.0 = Release|x64
		{8BCC7DE9-5BDF-449B-9776-06E832E78142}.Release|x64.Deploy.0 = Release|x64
		{8BCC7DE9-5BDF-449B-9776-06E832E78142}.Release|x86.ActiveCfg = Release|x86
		{8BCC7DE9-5BDF-449B-9776-06E832E78142}.Release|x86.Build.0 = Release|x86
		{8BCC7DE9-5BDF-449B-9776-06E832E78142}.Release|x86.Deploy.0 = Release|x86
	EndGlobalSection
	GlobalSection(SolutionProperties) = preSolution
		HideSolutionNode = FALSE
	EndGlobalSection
	GlobalSection(ExtensibilityGlobals) = postSolution
		SolutionGuid = {49087AEA-DD6F-4EF2-A0BB-A4412382E20A}
	EndGlobalSection
EndGlobal
